
Microsoft Visual Studio Solution File, Format Version 12.00
# Visual Studio Version 17
VisualStudioVersion = 17.5.002.0
MinimumVisualStudioVersion = 10.0.40219.1
Project("{9A19103F-16F7-4668-BE54-9A1E7A4F7556}") = "dataForm", "dataForm.csproj", "{42E504AF-BFA1-4475-8B86-13F0DFECA7F9}"
EndProject
Global
	GlobalSection(SolutionConfigurationPlatforms) = preSolution
		Debug|Any CPU = Debug|Any CPU
		Release|Any CPU = Release|Any CPU
	EndGlobalSection
	GlobalSection(ProjectConfigurationPlatforms) = postSolution
		{42E504AF-BFA1-4475-8B86-13F0DFECA7F9}.Debug|Any CPU.ActiveCfg = Debug|Any CPU
		{42E504AF-BFA1-4475-8B86-13F0DFECA7F9}.Debug|Any CPU.Build.0 = Debug|Any CPU
		{42E504AF-BFA1-4475-8B86-13F0DFECA7F9}.Release|Any CPU.ActiveCfg = Release|Any CPU
		{42E504AF-BFA1-4475-8B86-13F0DFECA7F9}.Release|Any CPU.Build.0 = Release|Any CPU
	EndGlobalSection
	GlobalSection(SolutionProperties) = preSolution
		HideSolutionNode = FALSE
	EndGlobalSection
	GlobalSection(ExtensibilityGlobals) = postSolution
		SolutionGuid = {123F7E92-9A18-47F2-842C-8E517BECE3C2}
	EndGlobalSection
EndGlobal
